// !$*UTF8*$!
{
	archiveVersion = 1;
	classes = {
	};
	objectVersion = 50;
	objects = {

/* Begin PBXBuildFile section */
		2816B48C24CC83AF000E40B5 /* ColorUtil.swift in Sources */ = {isa = PBXBuildFile; fileRef = 2816B48B24CC83AF000E40B5 /* ColorUtil.swift */; };
		281FDC5424C0CD1900BEBFE9 /* GameObject.swift in Sources */ = {isa = PBXBuildFile; fileRef = 281FDC5324C0CD1900BEBFE9 /* GameObject.swift */; };
		281FDC5624C0CFB200BEBFE9 /* Renderer.swift in Sources */ = {isa = PBXBuildFile; fileRef = 281FDC5524C0CFB200BEBFE9 /* Renderer.swift */; };
		283C633A24BDFB3800B85F30 /* GameView.swift in Sources */ = {isa = PBXBuildFile; fileRef = 283C633924BDFB3800B85F30 /* GameView.swift */; };
		283F868724C7E3070063341A /* Keyboard.swift in Sources */ = {isa = PBXBuildFile; fileRef = 283F868624C7E3070063341A /* Keyboard.swift */; };
		283F868924C7E49C0063341A /* KeyCodes.swift in Sources */ = {isa = PBXBuildFile; fileRef = 283F868824C7E49C0063341A /* KeyCodes.swift */; };
		283F868B24C7E8DD0063341A /* Mouse.swift in Sources */ = {isa = PBXBuildFile; fileRef = 283F868A24C7E8DD0063341A /* Mouse.swift */; };
		2841073824C36C1E009EB0A8 /* Pointer.swift in Sources */ = {isa = PBXBuildFile; fileRef = 2841073724C36C1E009EB0A8 /* Pointer.swift */; };
		2841073A24C36D02009EB0A8 /* Node.swift in Sources */ = {isa = PBXBuildFile; fileRef = 2841073924C36D02009EB0A8 /* Node.swift */; };
		2841073F24C36FA9009EB0A8 /* Renderable.swift in Sources */ = {isa = PBXBuildFile; fileRef = 2841073E24C36FA9009EB0A8 /* Renderable.swift */; };
		2852675424CCE96200A316A0 /* InstancedGameObject.swift in Sources */ = {isa = PBXBuildFile; fileRef = 2852675324CCE96200A316A0 /* InstancedGameObject.swift */; };
		2852675624CCF8C400A316A0 /* CubeCollection.swift in Sources */ = {isa = PBXBuildFile; fileRef = 2852675524CCF8C400A316A0 /* CubeCollection.swift */; };
		2856514E24DB847C00689C05 /* GameTime.swift in Sources */ = {isa = PBXBuildFile; fileRef = 2856514D24DB847C00689C05 /* GameTime.swift */; };
		2856515124DB84E000689C05 /* Library.swift in Sources */ = {isa = PBXBuildFile; fileRef = 2856515024DB84E000689C05 /* Library.swift */; };
		2856515324DB84FE00689C05 /* Shader.swift in Sources */ = {isa = PBXBuildFile; fileRef = 2856515224DB84FE00689C05 /* Shader.swift */; };
		2856515624DB862100689C05 /* Entities.swift in Sources */ = {isa = PBXBuildFile; fileRef = 2856515524DB862100689C05 /* Entities.swift */; };
		2856515824DB863B00689C05 /* MeshLibrary.swift in Sources */ = {isa = PBXBuildFile; fileRef = 2856515724DB863B00689C05 /* MeshLibrary.swift */; };
		2856515C24DB867000689C05 /* Graphics.swift in Sources */ = {isa = PBXBuildFile; fileRef = 2856515B24DB867000689C05 /* Graphics.swift */; };
		2856516324DB869E00689C05 /* VertexDescriptorLibrary.swift in Sources */ = {isa = PBXBuildFile; fileRef = 2856515D24DB869E00689C05 /* VertexDescriptorLibrary.swift */; };
		2856516424DB869E00689C05 /* RenderPipelineStateLibrary.swift in Sources */ = {isa = PBXBuildFile; fileRef = 2856515E24DB869E00689C05 /* RenderPipelineStateLibrary.swift */; };
		2856516524DB869E00689C05 /* DepthStencilStateLibrary.swift in Sources */ = {isa = PBXBuildFile; fileRef = 2856515F24DB869E00689C05 /* DepthStencilStateLibrary.swift */; };
		2856516624DB869E00689C05 /* RenderPipelineDescriptorLibrary.swift in Sources */ = {isa = PBXBuildFile; fileRef = 2856516024DB869E00689C05 /* RenderPipelineDescriptorLibrary.swift */; };
		2856516724DB869E00689C05 /* FragmentShaderLibrary.swift in Sources */ = {isa = PBXBuildFile; fileRef = 2856516124DB869E00689C05 /* FragmentShaderLibrary.swift */; };
		2856516824DB869E00689C05 /* VertexShaderLibrary.swift in Sources */ = {isa = PBXBuildFile; fileRef = 2856516224DB869E00689C05 /* VertexShaderLibrary.swift */; };
		2856516B24DB873400689C05 /* Shared.metal in Sources */ = {isa = PBXBuildFile; fileRef = 2856516A24DB873400689C05 /* Shared.metal */; };
		2856516D24DB875800689C05 /* BasicShaders.metal in Sources */ = {isa = PBXBuildFile; fileRef = 2856516C24DB875800689C05 /* BasicShaders.metal */; };
		2856516F24DB876C00689C05 /* InstancedShaders.metal in Sources */ = {isa = PBXBuildFile; fileRef = 2856516E24DB876C00689C05 /* InstancedShaders.metal */; };
		2856517324DB88B400689C05 /* Quad.swift in Sources */ = {isa = PBXBuildFile; fileRef = 2856517224DB88B400689C05 /* Quad.swift */; };
		2887F73524B960F00040AC88 /* AppDelegate.swift in Sources */ = {isa = PBXBuildFile; fileRef = 2887F73424B960F00040AC88 /* AppDelegate.swift */; };
		2887F73A24B960F00040AC88 /* GameEngine.xcdatamodeld in Sources */ = {isa = PBXBuildFile; fileRef = 2887F73824B960F00040AC88 /* GameEngine.xcdatamodeld */; };
		2887F73C24B960F20040AC88 /* Assets.xcassets in Resources */ = {isa = PBXBuildFile; fileRef = 2887F73B24B960F20040AC88 /* Assets.xcassets */; };
		2887F73F24B960F20040AC88 /* Main.storyboard in Resources */ = {isa = PBXBuildFile; fileRef = 2887F73D24B960F20040AC88 /* Main.storyboard */; };
		2887F74B24B960F20040AC88 /* GameEngineTests.swift in Sources */ = {isa = PBXBuildFile; fileRef = 2887F74A24B960F20040AC88 /* GameEngineTests.swift */; };
		2887F75624B960F20040AC88 /* GameEngineUITests.swift in Sources */ = {isa = PBXBuildFile; fileRef = 2887F75524B960F20040AC88 /* GameEngineUITests.swift */; };
		28A7C93724C8B488004F4AF0 /* Camera.swift in Sources */ = {isa = PBXBuildFile; fileRef = 28A7C93624C8B488004F4AF0 /* Camera.swift */; };
		28A7C93924C8B5EA004F4AF0 /* DebugCamera.swift in Sources */ = {isa = PBXBuildFile; fileRef = 28A7C93824C8B5EA004F4AF0 /* DebugCamera.swift */; };
		28A7C93B24C8BA42004F4AF0 /* CameraManager.swift in Sources */ = {isa = PBXBuildFile; fileRef = 28A7C93A24C8BA42004F4AF0 /* CameraManager.swift */; };
		28C2590024CA5BC300819A5D /* Cube.swift in Sources */ = {isa = PBXBuildFile; fileRef = 28C258FF24CA5BC300819A5D /* Cube.swift */; };
		28DC841524BF8DCA0062533B /* MetalTypes.swift in Sources */ = {isa = PBXBuildFile; fileRef = 28DC841424BF8DCA0062533B /* MetalTypes.swift */; };
		28DC841B24BF91BF0062533B /* Engine.swift in Sources */ = {isa = PBXBuildFile; fileRef = 28DC841A24BF91BF0062533B /* Engine.swift */; };
		28DC841D24BF936C0062533B /* Preferences.swift in Sources */ = {isa = PBXBuildFile; fileRef = 28DC841C24BF936C0062533B /* Preferences.swift */; };
		28F0348A24C4F92B0058EE67 /* Math.swift in Sources */ = {isa = PBXBuildFile; fileRef = 28F0348924C4F92B0058EE67 /* Math.swift */; };
		28F0348D24C51B8F0058EE67 /* Scene.swift in Sources */ = {isa = PBXBuildFile; fileRef = 28F0348C24C51B8F0058EE67 /* Scene.swift */; };
		28F0348F24C51D300058EE67 /* SandboxScene.swift in Sources */ = {isa = PBXBuildFile; fileRef = 28F0348E24C51D300058EE67 /* SandboxScene.swift */; };
		28F0349224C51ED70058EE67 /* SceneManager.swift in Sources */ = {isa = PBXBuildFile; fileRef = 28F0349124C51ED70058EE67 /* SceneManager.swift */; };
/* End PBXBuildFile section */

/* Begin PBXContainerItemProxy section */
		2887F74724B960F20040AC88 /* PBXContainerItemProxy */ = {
			isa = PBXContainerItemProxy;
			containerPortal = 2887F72924B960F00040AC88 /* Project object */;
			proxyType = 1;
			remoteGlobalIDString = 2887F73024B960F00040AC88;
			remoteInfo = GameEngine;
		};
		2887F75224B960F20040AC88 /* PBXContainerItemProxy */ = {
			isa = PBXContainerItemProxy;
			containerPortal = 2887F72924B960F00040AC88 /* Project object */;
			proxyType = 1;
			remoteGlobalIDString = 2887F73024B960F00040AC88;
			remoteInfo = GameEngine;
		};
/* End PBXContainerItemProxy section */

/* Begin PBXFileReference section */
		2816B48B24CC83AF000E40B5 /* ColorUtil.swift */ = {isa = PBXFileReference; lastKnownFileType = sourcecode.swift; path = ColorUtil.swift; sourceTree = "<group>"; };
		281FDC5324C0CD1900BEBFE9 /* GameObject.swift */ = {isa = PBXFileReference; lastKnownFileType = sourcecode.swift; path = GameObject.swift; sourceTree = "<group>"; };
		281FDC5524C0CFB200BEBFE9 /* Renderer.swift */ = {isa = PBXFileReference; lastKnownFileType = sourcecode.swift; path = Renderer.swift; sourceTree = "<group>"; };
		283C633924BDFB3800B85F30 /* GameView.swift */ = {isa = PBXFileReference; lastKnownFileType = sourcecode.swift; path = GameView.swift; sourceTree = "<group>"; };
		283F868624C7E3070063341A /* Keyboard.swift */ = {isa = PBXFileReference; lastKnownFileType = sourcecode.swift; path = Keyboard.swift; sourceTree = "<group>"; };
		283F868824C7E49C0063341A /* KeyCodes.swift */ = {isa = PBXFileReference; lastKnownFileType = sourcecode.swift; path = KeyCodes.swift; sourceTree = "<group>"; };
		283F868A24C7E8DD0063341A /* Mouse.swift */ = {isa = PBXFileReference; lastKnownFileType = sourcecode.swift; path = Mouse.swift; sourceTree = "<group>"; };
		2841073724C36C1E009EB0A8 /* Pointer.swift */ = {isa = PBXFileReference; lastKnownFileType = sourcecode.swift; path = Pointer.swift; sourceTree = "<group>"; };
		2841073924C36D02009EB0A8 /* Node.swift */ = {isa = PBXFileReference; lastKnownFileType = sourcecode.swift; path = Node.swift; sourceTree = "<group>"; };
		2841073E24C36FA9009EB0A8 /* Renderable.swift */ = {isa = PBXFileReference; lastKnownFileType = sourcecode.swift; path = Renderable.swift; sourceTree = "<group>"; };
		2852675324CCE96200A316A0 /* InstancedGameObject.swift */ = {isa = PBXFileReference; lastKnownFileType = sourcecode.swift; path = InstancedGameObject.swift; sourceTree = "<group>"; };
		2852675524CCF8C400A316A0 /* CubeCollection.swift */ = {isa = PBXFileReference; lastKnownFileType = sourcecode.swift; path = CubeCollection.swift; sourceTree = "<group>"; };
		2856514D24DB847C00689C05 /* GameTime.swift */ = {isa = PBXFileReference; lastKnownFileType = sourcecode.swift; path = GameTime.swift; sourceTree = "<group>"; };
		2856515024DB84E000689C05 /* Library.swift */ = {isa = PBXFileReference; lastKnownFileType = sourcecode.swift; path = Library.swift; sourceTree = "<group>"; };
		2856515224DB84FE00689C05 /* Shader.swift */ = {isa = PBXFileReference; lastKnownFileType = sourcecode.swift; path = Shader.swift; sourceTree = "<group>"; };
		2856515524DB862100689C05 /* Entities.swift */ = {isa = PBXFileReference; lastKnownFileType = sourcecode.swift; path = Entities.swift; sourceTree = "<group>"; };
		2856515724DB863B00689C05 /* MeshLibrary.swift */ = {isa = PBXFileReference; lastKnownFileType = sourcecode.swift; path = MeshLibrary.swift; sourceTree = "<group>"; };
		2856515B24DB867000689C05 /* Graphics.swift */ = {isa = PBXFileReference; lastKnownFileType = sourcecode.swift; path = Graphics.swift; sourceTree = "<group>"; };
		2856515D24DB869E00689C05 /* VertexDescriptorLibrary.swift */ = {isa = PBXFileReference; fileEncoding = 4; lastKnownFileType = sourcecode.swift; path = VertexDescriptorLibrary.swift; sourceTree = "<group>"; };
		2856515E24DB869E00689C05 /* RenderPipelineStateLibrary.swift */ = {isa = PBXFileReference; fileEncoding = 4; lastKnownFileType = sourcecode.swift; path = RenderPipelineStateLibrary.swift; sourceTree = "<group>"; };
		2856515F24DB869E00689C05 /* DepthStencilStateLibrary.swift */ = {isa = PBXFileReference; fileEncoding = 4; lastKnownFileType = sourcecode.swift; path = DepthStencilStateLibrary.swift; sourceTree = "<group>"; };
		2856516024DB869E00689C05 /* RenderPipelineDescriptorLibrary.swift */ = {isa = PBXFileReference; fileEncoding = 4; lastKnownFileType = sourcecode.swift; path = RenderPipelineDescriptorLibrary.swift; sourceTree = "<group>"; };
		2856516124DB869E00689C05 /* FragmentShaderLibrary.swift */ = {isa = PBXFileReference; fileEncoding = 4; lastKnownFileType = sourcecode.swift; path = FragmentShaderLibrary.swift; sourceTree = "<group>"; };
		2856516224DB869E00689C05 /* VertexShaderLibrary.swift */ = {isa = PBXFileReference; fileEncoding = 4; lastKnownFileType = sourcecode.swift; path = VertexShaderLibrary.swift; sourceTree = "<group>"; };
		2856516A24DB873400689C05 /* Shared.metal */ = {isa = PBXFileReference; lastKnownFileType = sourcecode.metal; path = Shared.metal; sourceTree = "<group>"; };
		2856516C24DB875800689C05 /* BasicShaders.metal */ = {isa = PBXFileReference; lastKnownFileType = sourcecode.metal; path = BasicShaders.metal; sourceTree = "<group>"; };
		2856516E24DB876C00689C05 /* InstancedShaders.metal */ = {isa = PBXFileReference; lastKnownFileType = sourcecode.metal; path = InstancedShaders.metal; sourceTree = "<group>"; };
		2856517224DB88B400689C05 /* Quad.swift */ = {isa = PBXFileReference; lastKnownFileType = sourcecode.swift; path = Quad.swift; sourceTree = "<group>"; };
		2887F73124B960F00040AC88 /* GameEngine.app */ = {isa = PBXFileReference; explicitFileType = wrapper.application; includeInIndex = 0; path = GameEngine.app; sourceTree = BUILT_PRODUCTS_DIR; };
		2887F73424B960F00040AC88 /* AppDelegate.swift */ = {isa = PBXFileReference; lastKnownFileType = sourcecode.swift; path = AppDelegate.swift; sourceTree = "<group>"; };
		2887F73924B960F00040AC88 /* GameEngine.xcdatamodel */ = {isa = PBXFileReference; lastKnownFileType = wrapper.xcdatamodel; path = GameEngine.xcdatamodel; sourceTree = "<group>"; };
		2887F73B24B960F20040AC88 /* Assets.xcassets */ = {isa = PBXFileReference; lastKnownFileType = folder.assetcatalog; path = Assets.xcassets; sourceTree = "<group>"; };
		2887F73E24B960F20040AC88 /* Base */ = {isa = PBXFileReference; lastKnownFileType = file.storyboard; name = Base; path = Base.lproj/Main.storyboard; sourceTree = "<group>"; };
		2887F74024B960F20040AC88 /* Info.plist */ = {isa = PBXFileReference; lastKnownFileType = text.plist.xml; path = Info.plist; sourceTree = "<group>"; };
		2887F74124B960F20040AC88 /* GameEngine.entitlements */ = {isa = PBXFileReference; lastKnownFileType = text.plist.entitlements; path = GameEngine.entitlements; sourceTree = "<group>"; };
		2887F74624B960F20040AC88 /* GameEngineTests.xctest */ = {isa = PBXFileReference; explicitFileType = wrapper.cfbundle; includeInIndex = 0; path = GameEngineTests.xctest; sourceTree = BUILT_PRODUCTS_DIR; };
		2887F74A24B960F20040AC88 /* GameEngineTests.swift */ = {isa = PBXFileReference; lastKnownFileType = sourcecode.swift; path = GameEngineTests.swift; sourceTree = "<group>"; };
		2887F74C24B960F20040AC88 /* Info.plist */ = {isa = PBXFileReference; lastKnownFileType = text.plist.xml; path = Info.plist; sourceTree = "<group>"; };
		2887F75124B960F20040AC88 /* GameEngineUITests.xctest */ = {isa = PBXFileReference; explicitFileType = wrapper.cfbundle; includeInIndex = 0; path = GameEngineUITests.xctest; sourceTree = BUILT_PRODUCTS_DIR; };
		2887F75524B960F20040AC88 /* GameEngineUITests.swift */ = {isa = PBXFileReference; lastKnownFileType = sourcecode.swift; path = GameEngineUITests.swift; sourceTree = "<group>"; };
		2887F75724B960F20040AC88 /* Info.plist */ = {isa = PBXFileReference; lastKnownFileType = text.plist.xml; path = Info.plist; sourceTree = "<group>"; };
		28A7C93624C8B488004F4AF0 /* Camera.swift */ = {isa = PBXFileReference; lastKnownFileType = sourcecode.swift; path = Camera.swift; sourceTree = "<group>"; };
		28A7C93824C8B5EA004F4AF0 /* DebugCamera.swift */ = {isa = PBXFileReference; lastKnownFileType = sourcecode.swift; path = DebugCamera.swift; sourceTree = "<group>"; };
		28A7C93A24C8BA42004F4AF0 /* CameraManager.swift */ = {isa = PBXFileReference; lastKnownFileType = sourcecode.swift; path = CameraManager.swift; sourceTree = "<group>"; };
		28C258FF24CA5BC300819A5D /* Cube.swift */ = {isa = PBXFileReference; lastKnownFileType = sourcecode.swift; path = Cube.swift; sourceTree = "<group>"; };
		28DC841424BF8DCA0062533B /* MetalTypes.swift */ = {isa = PBXFileReference; lastKnownFileType = sourcecode.swift; path = MetalTypes.swift; sourceTree = "<group>"; };
		28DC841A24BF91BF0062533B /* Engine.swift */ = {isa = PBXFileReference; lastKnownFileType = sourcecode.swift; path = Engine.swift; sourceTree = "<group>"; };
		28DC841C24BF936C0062533B /* Preferences.swift */ = {isa = PBXFileReference; lastKnownFileType = sourcecode.swift; path = Preferences.swift; sourceTree = "<group>"; };
		28F0348924C4F92B0058EE67 /* Math.swift */ = {isa = PBXFileReference; lastKnownFileType = sourcecode.swift; path = Math.swift; sourceTree = "<group>"; };
		28F0348C24C51B8F0058EE67 /* Scene.swift */ = {isa = PBXFileReference; lastKnownFileType = sourcecode.swift; path = Scene.swift; sourceTree = "<group>"; };
		28F0348E24C51D300058EE67 /* SandboxScene.swift */ = {isa = PBXFileReference; lastKnownFileType = sourcecode.swift; path = SandboxScene.swift; sourceTree = "<group>"; };
		28F0349124C51ED70058EE67 /* SceneManager.swift */ = {isa = PBXFileReference; lastKnownFileType = sourcecode.swift; path = SceneManager.swift; sourceTree = "<group>"; };
/* End PBXFileReference section */

/* Begin PBXFrameworksBuildPhase section */
		2887F72E24B960F00040AC88 /* Frameworks */ = {
			isa = PBXFrameworksBuildPhase;
			buildActionMask = 2147483647;
			files = (
			);
			runOnlyForDeploymentPostprocessing = 0;
		};
		2887F74324B960F20040AC88 /* Frameworks */ = {
			isa = PBXFrameworksBuildPhase;
			buildActionMask = 2147483647;
			files = (
			);
			runOnlyForDeploymentPostprocessing = 0;
		};
		2887F74E24B960F20040AC88 /* Frameworks */ = {
			isa = PBXFrameworksBuildPhase;
			buildActionMask = 2147483647;
			files = (
			);
			runOnlyForDeploymentPostprocessing = 0;
		};
/* End PBXFrameworksBuildPhase section */

/* Begin PBXGroup section */
		2816B48A24CC8398000E40B5 /* utils */ = {
			isa = PBXGroup;
			children = (
				2816B48B24CC83AF000E40B5 /* ColorUtil.swift */,
			);
			path = utils;
			sourceTree = "<group>";
		};
		281FDC5224C0CCD300BEBFE9 /* GameClasses */ = {
			isa = PBXGroup;
			children = (
				2841073924C36D02009EB0A8 /* Node.swift */,
				28A7C93524C8B449004F4AF0 /* cameras */,
				28F0348B24C51B7F0058EE67 /* scenes 2 */,
				28A7C93424C8B407004F4AF0 /* game objects */,
				2841073B24C36D5B009EB0A8 /* protocols */,
			);
			path = GameClasses;
			sourceTree = "<group>";
		};
		283F868524C7E2D30063341A /* Input */ = {
			isa = PBXGroup;
			children = (
				283F868624C7E3070063341A /* Keyboard.swift */,
				283F868824C7E49C0063341A /* KeyCodes.swift */,
				283F868A24C7E8DD0063341A /* Mouse.swift */,
			);
			path = Input;
			sourceTree = "<group>";
		};
		2841073B24C36D5B009EB0A8 /* protocols */ = {
			isa = PBXGroup;
			children = (
				2841073E24C36FA9009EB0A8 /* Renderable.swift */,
			);
			path = protocols;
			sourceTree = "<group>";
		};
		2856514F24DB84B300689C05 /* types */ = {
			isa = PBXGroup;
			children = (
				28DC841424BF8DCA0062533B /* MetalTypes.swift */,
				2856515024DB84E000689C05 /* Library.swift */,
				2856515224DB84FE00689C05 /* Shader.swift */,
			);
			path = types;
			sourceTree = "<group>";
		};
		2856515424DB860600689C05 /* Entities */ = {
			isa = PBXGroup;
			children = (
				2856515524DB862100689C05 /* Entities.swift */,
				2856515924DB863E00689C05 /* libraries */,
			);
			path = Entities;
			sourceTree = "<group>";
		};
		2856515924DB863E00689C05 /* libraries */ = {
			isa = PBXGroup;
			children = (
				2856515724DB863B00689C05 /* MeshLibrary.swift */,
			);
			path = libraries;
			sourceTree = "<group>";
		};
		2856515A24DB865800689C05 /* Graphics */ = {
			isa = PBXGroup;
			children = (
				2856515B24DB867000689C05 /* Graphics.swift */,
				2856516924DB86AD00689C05 /* libraries */,
				28DC841824BF908E0062533B /* shaders */,
			);
			path = Graphics;
			sourceTree = "<group>";
		};
		2856516924DB86AD00689C05 /* libraries */ = {
			isa = PBXGroup;
			children = (
				2856515F24DB869E00689C05 /* DepthStencilStateLibrary.swift */,
				2856516124DB869E00689C05 /* FragmentShaderLibrary.swift */,
				2856516024DB869E00689C05 /* RenderPipelineDescriptorLibrary.swift */,
				2856515E24DB869E00689C05 /* RenderPipelineStateLibrary.swift */,
				2856515D24DB869E00689C05 /* VertexDescriptorLibrary.swift */,
				2856516224DB869E00689C05 /* VertexShaderLibrary.swift */,
			);
			path = libraries;
			sourceTree = "<group>";
		};
		2887F72824B960F00040AC88 = {
			isa = PBXGroup;
			children = (
				2887F73324B960F00040AC88 /* GameEngine */,
				2887F74924B960F20040AC88 /* GameEngineTests */,
				2887F75424B960F20040AC88 /* GameEngineUITests */,
				2887F73224B960F00040AC88 /* Products */,
			);
			sourceTree = "<group>";
		};
		2887F73224B960F00040AC88 /* Products */ = {
			isa = PBXGroup;
			children = (
				2887F73124B960F00040AC88 /* GameEngine.app */,
				2887F74624B960F20040AC88 /* GameEngineTests.xctest */,
				2887F75124B960F20040AC88 /* GameEngineUITests.xctest */,
			);
			name = Products;
			sourceTree = "<group>";
		};
		2887F73324B960F00040AC88 /* GameEngine */ = {
			isa = PBXGroup;
			children = (
				28DC841624BF90610062533B /* Core */,
				2856515424DB860600689C05 /* Entities */,
				2856515A24DB865800689C05 /* Graphics */,
				28F0349024C51EAE0058EE67 /* Managers */,
				281FDC5224C0CCD300BEBFE9 /* GameClasses */,
				28DC841924BF90980062533B /* Display */,
				2887F76324B965030040AC88 /* Other Files */,
			);
			path = GameEngine;
			sourceTree = "<group>";
		};
		2887F74924B960F20040AC88 /* GameEngineTests */ = {
			isa = PBXGroup;
			children = (
				2887F74A24B960F20040AC88 /* GameEngineTests.swift */,
				2887F74C24B960F20040AC88 /* Info.plist */,
			);
			path = GameEngineTests;
			sourceTree = "<group>";
		};
		2887F75424B960F20040AC88 /* GameEngineUITests */ = {
			isa = PBXGroup;
			children = (
				2887F75524B960F20040AC88 /* GameEngineUITests.swift */,
				2887F75724B960F20040AC88 /* Info.plist */,
			);
			path = GameEngineUITests;
			sourceTree = "<group>";
		};
		2887F76324B965030040AC88 /* Other Files */ = {
			isa = PBXGroup;
			children = (
				2887F73B24B960F20040AC88 /* Assets.xcassets */,
				2887F74024B960F20040AC88 /* Info.plist */,
				2887F73824B960F00040AC88 /* GameEngine.xcdatamodeld */,
				2887F74124B960F20040AC88 /* GameEngine.entitlements */,
				2887F73424B960F00040AC88 /* AppDelegate.swift */,
			);
			path = "Other Files";
			sourceTree = "<group>";
		};
		28A7C93424C8B407004F4AF0 /* game objects */ = {
			isa = PBXGroup;
			children = (
				281FDC5324C0CD1900BEBFE9 /* GameObject.swift */,
				2852675324CCE96200A316A0 /* InstancedGameObject.swift */,
				2852675524CCF8C400A316A0 /* CubeCollection.swift */,
				2841073724C36C1E009EB0A8 /* Pointer.swift */,
				28C258FF24CA5BC300819A5D /* Cube.swift */,
				2856517224DB88B400689C05 /* Quad.swift */,
			);
			path = "game objects";
			sourceTree = "<group>";
		};
		28A7C93524C8B449004F4AF0 /* cameras */ = {
			isa = PBXGroup;
			children = (
				28A7C93624C8B488004F4AF0 /* Camera.swift */,
				28A7C93824C8B5EA004F4AF0 /* DebugCamera.swift */,
			);
			path = cameras;
			sourceTree = "<group>";
		};
		28DC841624BF90610062533B /* Core */ = {
			isa = PBXGroup;
			children = (
				28DC841A24BF91BF0062533B /* Engine.swift */,
				2856514D24DB847C00689C05 /* GameTime.swift */,
				28DC841C24BF936C0062533B /* Preferences.swift */,
				2856514F24DB84B300689C05 /* types */,
				283F868524C7E2D30063341A /* Input */,
				28F0348824C4F8FE0058EE67 /* maths */,
				2816B48A24CC8398000E40B5 /* utils */,
			);
			path = Core;
			sourceTree = "<group>";
		};
		28DC841824BF908E0062533B /* shaders */ = {
			isa = PBXGroup;
			children = (
				2856516A24DB873400689C05 /* Shared.metal */,
				2856516C24DB875800689C05 /* BasicShaders.metal */,
				2856516E24DB876C00689C05 /* InstancedShaders.metal */,
			);
			path = shaders;
			sourceTree = "<group>";
		};
		28DC841924BF90980062533B /* Display */ = {
			isa = PBXGroup;
			children = (
				281FDC5524C0CFB200BEBFE9 /* Renderer.swift */,
				283C633924BDFB3800B85F30 /* GameView.swift */,
				2887F73D24B960F20040AC88 /* Main.storyboard */,
			);
			path = Display;
			sourceTree = "<group>";
		};
		28F0348824C4F8FE0058EE67 /* maths */ = {
			isa = PBXGroup;
			children = (
				28F0348924C4F92B0058EE67 /* Math.swift */,
			);
			path = maths;
			sourceTree = "<group>";
		};
		28F0348B24C51B7F0058EE67 /* scenes 2 */ = {
			isa = PBXGroup;
			children = (
				28F0348C24C51B8F0058EE67 /* Scene.swift */,
				28F0348E24C51D300058EE67 /* SandboxScene.swift */,
			);
			path = "scenes 2";
			sourceTree = "<group>";
		};
		28F0349024C51EAE0058EE67 /* Managers */ = {
			isa = PBXGroup;
			children = (
				28F0349124C51ED70058EE67 /* SceneManager.swift */,
				28A7C93A24C8BA42004F4AF0 /* CameraManager.swift */,
			);
			path = Managers;
			sourceTree = "<group>";
		};
/* End PBXGroup section */

/* Begin PBXNativeTarget section */
		2887F73024B960F00040AC88 /* GameEngine */ = {
			isa = PBXNativeTarget;
			buildConfigurationList = 2887F75A24B960F20040AC88 /* Build configuration list for PBXNativeTarget "GameEngine" */;
			buildPhases = (
				2887F72D24B960F00040AC88 /* Sources */,
				2887F72E24B960F00040AC88 /* Frameworks */,
				2887F72F24B960F00040AC88 /* Resources */,
			);
			buildRules = (
			);
			dependencies = (
			);
			name = GameEngine;
			productName = GameEngine;
			productReference = 2887F73124B960F00040AC88 /* GameEngine.app */;
			productType = "com.apple.product-type.application";
		};
		2887F74524B960F20040AC88 /* GameEngineTests */ = {
			isa = PBXNativeTarget;
			buildConfigurationList = 2887F75D24B960F20040AC88 /* Build configuration list for PBXNativeTarget "GameEngineTests" */;
			buildPhases = (
				2887F74224B960F20040AC88 /* Sources */,
				2887F74324B960F20040AC88 /* Frameworks */,
				2887F74424B960F20040AC88 /* Resources */,
			);
			buildRules = (
			);
			dependencies = (
				2887F74824B960F20040AC88 /* PBXTargetDependency */,
			);
			name = GameEngineTests;
			productName = GameEngineTests;
			productReference = 2887F74624B960F20040AC88 /* GameEngineTests.xctest */;
			productType = "com.apple.product-type.bundle.unit-test";
		};
		2887F75024B960F20040AC88 /* GameEngineUITests */ = {
			isa = PBXNativeTarget;
			buildConfigurationList = 2887F76024B960F20040AC88 /* Build configuration list for PBXNativeTarget "GameEngineUITests" */;
			buildPhases = (
				2887F74D24B960F20040AC88 /* Sources */,
				2887F74E24B960F20040AC88 /* Frameworks */,
				2887F74F24B960F20040AC88 /* Resources */,
			);
			buildRules = (
			);
			dependencies = (
				2887F75324B960F20040AC88 /* PBXTargetDependency */,
			);
			name = GameEngineUITests;
			productName = GameEngineUITests;
			productReference = 2887F75124B960F20040AC88 /* GameEngineUITests.xctest */;
			productType = "com.apple.product-type.bundle.ui-testing";
		};
/* End PBXNativeTarget section */

/* Begin PBXProject section */
		2887F72924B960F00040AC88 /* Project object */ = {
			isa = PBXProject;
			attributes = {
				LastSwiftUpdateCheck = 1130;
				LastUpgradeCheck = 1130;
				ORGANIZATIONNAME = "Ampersand Labs";
				TargetAttributes = {
					2887F73024B960F00040AC88 = {
						CreatedOnToolsVersion = 11.3;
					};
					2887F74524B960F20040AC88 = {
						CreatedOnToolsVersion = 11.3;
						TestTargetID = 2887F73024B960F00040AC88;
					};
					2887F75024B960F20040AC88 = {
						CreatedOnToolsVersion = 11.3;
						TestTargetID = 2887F73024B960F00040AC88;
					};
				};
			};
			buildConfigurationList = 2887F72C24B960F00040AC88 /* Build configuration list for PBXProject "GameEngine" */;
			compatibilityVersion = "Xcode 9.3";
			developmentRegion = en;
			hasScannedForEncodings = 0;
			knownRegions = (
				en,
				Base,
			);
			mainGroup = 2887F72824B960F00040AC88;
			productRefGroup = 2887F73224B960F00040AC88 /* Products */;
			projectDirPath = "";
			projectRoot = "";
			targets = (
				2887F73024B960F00040AC88 /* GameEngine */,
				2887F74524B960F20040AC88 /* GameEngineTests */,
				2887F75024B960F20040AC88 /* GameEngineUITests */,
			);
		};
/* End PBXProject section */

/* Begin PBXResourcesBuildPhase section */
		2887F72F24B960F00040AC88 /* Resources */ = {
			isa = PBXResourcesBuildPhase;
			buildActionMask = 2147483647;
			files = (
				2887F73C24B960F20040AC88 /* Assets.xcassets in Resources */,
				2887F73F24B960F20040AC88 /* Main.storyboard in Resources */,
			);
			runOnlyForDeploymentPostprocessing = 0;
		};
		2887F74424B960F20040AC88 /* Resources */ = {
			isa = PBXResourcesBuildPhase;
			buildActionMask = 2147483647;
			files = (
			);
			runOnlyForDeploymentPostprocessing = 0;
		};
		2887F74F24B960F20040AC88 /* Resources */ = {
			isa = PBXResourcesBuildPhase;
			buildActionMask = 2147483647;
			files = (
			);
			runOnlyForDeploymentPostprocessing = 0;
		};
/* End PBXResourcesBuildPhase section */

/* Begin PBXSourcesBuildPhase section */
		2887F72D24B960F00040AC88 /* Sources */ = {
			isa = PBXSourcesBuildPhase;
			buildActionMask = 2147483647;
			files = (
				2841073F24C36FA9009EB0A8 /* Renderable.swift in Sources */,
				2856516824DB869E00689C05 /* VertexShaderLibrary.swift in Sources */,
				2856516B24DB873400689C05 /* Shared.metal in Sources */,
				2816B48C24CC83AF000E40B5 /* ColorUtil.swift in Sources */,
				28F0348D24C51B8F0058EE67 /* Scene.swift in Sources */,
				2856516724DB869E00689C05 /* FragmentShaderLibrary.swift in Sources */,
				2856515624DB862100689C05 /* Entities.swift in Sources */,
				2856516524DB869E00689C05 /* DepthStencilStateLibrary.swift in Sources */,
				2856514E24DB847C00689C05 /* GameTime.swift in Sources */,
				28DC841D24BF936C0062533B /* Preferences.swift in Sources */,
				2856515C24DB867000689C05 /* Graphics.swift in Sources */,
				2852675424CCE96200A316A0 /* InstancedGameObject.swift in Sources */,
				28A7C93B24C8BA42004F4AF0 /* CameraManager.swift in Sources */,
				283F868B24C7E8DD0063341A /* Mouse.swift in Sources */,
				2856516424DB869E00689C05 /* RenderPipelineStateLibrary.swift in Sources */,
				28A7C93924C8B5EA004F4AF0 /* DebugCamera.swift in Sources */,
				2856515324DB84FE00689C05 /* Shader.swift in Sources */,
				281FDC5624C0CFB200BEBFE9 /* Renderer.swift in Sources */,
				28C2590024CA5BC300819A5D /* Cube.swift in Sources */,
				28DC841B24BF91BF0062533B /* Engine.swift in Sources */,
				2856515124DB84E000689C05 /* Library.swift in Sources */,
				2856515824DB863B00689C05 /* MeshLibrary.swift in Sources */,
				28F0349224C51ED70058EE67 /* SceneManager.swift in Sources */,
				2887F73A24B960F00040AC88 /* GameEngine.xcdatamodeld in Sources */,
				283C633A24BDFB3800B85F30 /* GameView.swift in Sources */,
				2856516F24DB876C00689C05 /* InstancedShaders.metal in Sources */,
				28F0348A24C4F92B0058EE67 /* Math.swift in Sources */,
				283F868724C7E3070063341A /* Keyboard.swift in Sources */,
				281FDC5424C0CD1900BEBFE9 /* GameObject.swift in Sources */,
				2841073A24C36D02009EB0A8 /* Node.swift in Sources */,
				2856516324DB869E00689C05 /* VertexDescriptorLibrary.swift in Sources */,
				2856516D24DB875800689C05 /* BasicShaders.metal in Sources */,
				28DC841524BF8DCA0062533B /* MetalTypes.swift in Sources */,
				283F868924C7E49C0063341A /* KeyCodes.swift in Sources */,
				2852675624CCF8C400A316A0 /* CubeCollection.swift in Sources */,
				2856517324DB88B400689C05 /* Quad.swift in Sources */,
				2887F73524B960F00040AC88 /* AppDelegate.swift in Sources */,
				28A7C93724C8B488004F4AF0 /* Camera.swift in Sources */,
				2841073824C36C1E009EB0A8 /* Pointer.swift in Sources */,
				28F0348F24C51D300058EE67 /* SandboxScene.swift in Sources */,
				2856516624DB869E00689C05 /* RenderPipelineDescriptorLibrary.swift in Sources */,
			);
			runOnlyForDeploymentPostprocessing = 0;
		};
		2887F74224B960F20040AC88 /* Sources */ = {
			isa = PBXSourcesBuildPhase;
			buildActionMask = 2147483647;
			files = (
				2887F74B24B960F20040AC88 /* GameEngineTests.swift in Sources */,
			);
			runOnlyForDeploymentPostprocessing = 0;
		};
		2887F74D24B960F20040AC88 /* Sources */ = {
			isa = PBXSourcesBuildPhase;
			buildActionMask = 2147483647;
			files = (
				2887F75624B960F20040AC88 /* GameEngineUITests.swift in Sources */,
			);
			runOnlyForDeploymentPostprocessing = 0;
		};
/* End PBXSourcesBuildPhase section */

/* Begin PBXTargetDependency section */
		2887F74824B960F20040AC88 /* PBXTargetDependency */ = {
			isa = PBXTargetDependency;
			target = 2887F73024B960F00040AC88 /* GameEngine */;
			targetProxy = 2887F74724B960F20040AC88 /* PBXContainerItemProxy */;
		};
		2887F75324B960F20040AC88 /* PBXTargetDependency */ = {
			isa = PBXTargetDependency;
			target = 2887F73024B960F00040AC88 /* GameEngine */;
			targetProxy = 2887F75224B960F20040AC88 /* PBXContainerItemProxy */;
		};
/* End PBXTargetDependency section */

/* Begin PBXVariantGroup section */
		2887F73D24B960F20040AC88 /* Main.storyboard */ = {
			isa = PBXVariantGroup;
			children = (
				2887F73E24B960F20040AC88 /* Base */,
			);
			name = Main.storyboard;
			sourceTree = "<group>";
		};
/* End PBXVariantGroup section */

/* Begin XCBuildConfiguration section */
		2887F75824B960F20040AC88 /* Debug */ = {
			isa = XCBuildConfiguration;
			buildSettings = {
				ALWAYS_SEARCH_USER_PATHS = NO;
				CLANG_ANALYZER_NONNULL = YES;
				CLANG_ANALYZER_NUMBER_OBJECT_CONVERSION = YES_AGGRESSIVE;
				CLANG_CXX_LANGUAGE_STANDARD = "gnu++14";
				CLANG_CXX_LIBRARY = "libc++";
				CLANG_ENABLE_MODULES = YES;
				CLANG_ENABLE_OBJC_ARC = YES;
				CLANG_ENABLE_OBJC_WEAK = YES;
				CLANG_WARN_BLOCK_CAPTURE_AUTORELEASING = YES;
				CLANG_WARN_BOOL_CONVERSION = YES;
				CLANG_WARN_COMMA = YES;
				CLANG_WARN_CONSTANT_CONVERSION = YES;
				CLANG_WARN_DEPRECATED_OBJC_IMPLEMENTATIONS = YES;
				CLANG_WARN_DIRECT_OBJC_ISA_USAGE = YES_ERROR;
				CLANG_WARN_DOCUMENTATION_COMMENTS = YES;
				CLANG_WARN_EMPTY_BODY = YES;
				CLANG_WARN_ENUM_CONVERSION = YES;
				CLANG_WARN_INFINITE_RECURSION = YES;
				CLANG_WARN_INT_CONVERSION = YES;
				CLANG_WARN_NON_LITERAL_NULL_CONVERSION = YES;
				CLANG_WARN_OBJC_IMPLICIT_RETAIN_SELF = YES;
				CLANG_WARN_OBJC_LITERAL_CONVERSION = YES;
				CLANG_WARN_OBJC_ROOT_CLASS = YES_ERROR;
				CLANG_WARN_RANGE_LOOP_ANALYSIS = YES;
				CLANG_WARN_STRICT_PROTOTYPES = YES;
				CLANG_WARN_SUSPICIOUS_MOVE = YES;
				CLANG_WARN_UNGUARDED_AVAILABILITY = YES_AGGRESSIVE;
				CLANG_WARN_UNREACHABLE_CODE = YES;
				CLANG_WARN__DUPLICATE_METHOD_MATCH = YES;
				COPY_PHASE_STRIP = NO;
				DEBUG_INFORMATION_FORMAT = dwarf;
				ENABLE_STRICT_OBJC_MSGSEND = YES;
				ENABLE_TESTABILITY = YES;
				GCC_C_LANGUAGE_STANDARD = gnu11;
				GCC_DYNAMIC_NO_PIC = NO;
				GCC_NO_COMMON_BLOCKS = YES;
				GCC_OPTIMIZATION_LEVEL = 0;
				GCC_PREPROCESSOR_DEFINITIONS = (
					"DEBUG=1",
					"$(inherited)",
				);
				GCC_WARN_64_TO_32_BIT_CONVERSION = YES;
				GCC_WARN_ABOUT_RETURN_TYPE = YES_ERROR;
				GCC_WARN_UNDECLARED_SELECTOR = YES;
				GCC_WARN_UNINITIALIZED_AUTOS = YES_AGGRESSIVE;
				GCC_WARN_UNUSED_FUNCTION = YES;
				GCC_WARN_UNUSED_VARIABLE = YES;
				MACOSX_DEPLOYMENT_TARGET = 10.15;
				MTL_ENABLE_DEBUG_INFO = INCLUDE_SOURCE;
				MTL_FAST_MATH = YES;
				ONLY_ACTIVE_ARCH = YES;
				SDKROOT = macosx;
				SWIFT_ACTIVE_COMPILATION_CONDITIONS = DEBUG;
				SWIFT_OPTIMIZATION_LEVEL = "-Onone";
			};
			name = Debug;
		};
		2887F75924B960F20040AC88 /* Release */ = {
			isa = XCBuildConfiguration;
			buildSettings = {
				ALWAYS_SEARCH_USER_PATHS = NO;
				CLANG_ANALYZER_NONNULL = YES;
				CLANG_ANALYZER_NUMBER_OBJECT_CONVERSION = YES_AGGRESSIVE;
				CLANG_CXX_LANGUAGE_STANDARD = "gnu++14";
				CLANG_CXX_LIBRARY = "libc++";
				CLANG_ENABLE_MODULES = YES;
				CLANG_ENABLE_OBJC_ARC = YES;
				CLANG_ENABLE_OBJC_WEAK = YES;
				CLANG_WARN_BLOCK_CAPTURE_AUTORELEASING = YES;
				CLANG_WARN_BOOL_CONVERSION = YES;
				CLANG_WARN_COMMA = YES;
				CLANG_WARN_CONSTANT_CONVERSION = YES;
				CLANG_WARN_DEPRECATED_OBJC_IMPLEMENTATIONS = YES;
				CLANG_WARN_DIRECT_OBJC_ISA_USAGE = YES_ERROR;
				CLANG_WARN_DOCUMENTATION_COMMENTS = YES;
				CLANG_WARN_EMPTY_BODY = YES;
				CLANG_WARN_ENUM_CONVERSION = YES;
				CLANG_WARN_INFINITE_RECURSION = YES;
				CLANG_WARN_INT_CONVERSION = YES;
				CLANG_WARN_NON_LITERAL_NULL_CONVERSION = YES;
				CLANG_WARN_OBJC_IMPLICIT_RETAIN_SELF = YES;
				CLANG_WARN_OBJC_LITERAL_CONVERSION = YES;
				CLANG_WARN_OBJC_ROOT_CLASS = YES_ERROR;
				CLANG_WARN_RANGE_LOOP_ANALYSIS = YES;
				CLANG_WARN_STRICT_PROTOTYPES = YES;
				CLANG_WARN_SUSPICIOUS_MOVE = YES;
				CLANG_WARN_UNGUARDED_AVAILABILITY = YES_AGGRESSIVE;
				CLANG_WARN_UNREACHABLE_CODE = YES;
				CLANG_WARN__DUPLICATE_METHOD_MATCH = YES;
				COPY_PHASE_STRIP = NO;
				DEBUG_INFORMATION_FORMAT = "dwarf-with-dsym";
				ENABLE_NS_ASSERTIONS = NO;
				ENABLE_STRICT_OBJC_MSGSEND = YES;
				GCC_C_LANGUAGE_STANDARD = gnu11;
				GCC_NO_COMMON_BLOCKS = YES;
				GCC_WARN_64_TO_32_BIT_CONVERSION = YES;
				GCC_WARN_ABOUT_RETURN_TYPE = YES_ERROR;
				GCC_WARN_UNDECLARED_SELECTOR = YES;
				GCC_WARN_UNINITIALIZED_AUTOS = YES_AGGRESSIVE;
				GCC_WARN_UNUSED_FUNCTION = YES;
				GCC_WARN_UNUSED_VARIABLE = YES;
				MACOSX_DEPLOYMENT_TARGET = 10.15;
				MTL_ENABLE_DEBUG_INFO = NO;
				MTL_FAST_MATH = YES;
				SDKROOT = macosx;
				SWIFT_COMPILATION_MODE = wholemodule;
				SWIFT_OPTIMIZATION_LEVEL = "-O";
			};
			name = Release;
		};
		2887F75B24B960F20040AC88 /* Debug */ = {
			isa = XCBuildConfiguration;
			buildSettings = {
				ASSETCATALOG_COMPILER_APPICON_NAME = AppIcon;
				CODE_SIGN_ENTITLEMENTS = "GameEngine/Other Files/GameEngine.entitlements";
				CODE_SIGN_STYLE = Automatic;
				COMBINE_HIDPI_IMAGES = YES;
				DEVELOPMENT_TEAM = TZ5YSJH8XE;
				ENABLE_HARDENED_RUNTIME = YES;
				INFOPLIST_FILE = "GameEngine/Other Files/Info.plist";
				LD_RUNPATH_SEARCH_PATHS = (
					"$(inherited)",
					"@executable_path/../Frameworks",
				);
				PRODUCT_BUNDLE_IDENTIFIER = AmpersandLabs.GameEngine;
				PRODUCT_NAME = "$(TARGET_NAME)";
				SWIFT_VERSION = 5.0;
			};
			name = Debug;
		};
		2887F75C24B960F20040AC88 /* Release */ = {
			isa = XCBuildConfiguration;
			buildSettings = {
				ASSETCATALOG_COMPILER_APPICON_NAME = AppIcon;
				CODE_SIGN_ENTITLEMENTS = "GameEngine/Other Files/GameEngine.entitlements";
				CODE_SIGN_STYLE = Automatic;
				COMBINE_HIDPI_IMAGES = YES;
				DEVELOPMENT_TEAM = TZ5YSJH8XE;
				ENABLE_HARDENED_RUNTIME = YES;
				INFOPLIST_FILE = "GameEngine/Other Files/Info.plist";
				LD_RUNPATH_SEARCH_PATHS = (
					"$(inherited)",
					"@executable_path/../Frameworks",
				);
				PRODUCT_BUNDLE_IDENTIFIER = AmpersandLabs.GameEngine;
				PRODUCT_NAME = "$(TARGET_NAME)";
				SWIFT_VERSION = 5.0;
			};
			name = Release;
		};
		2887F75E24B960F20040AC88 /* Debug */ = {
			isa = XCBuildConfiguration;
			buildSettings = {
				ALWAYS_EMBED_SWIFT_STANDARD_LIBRARIES = YES;
				BUNDLE_LOADER = "$(TEST_HOST)";
				CODE_SIGN_STYLE = Automatic;
				COMBINE_HIDPI_IMAGES = YES;
				DEVELOPMENT_TEAM = TZ5YSJH8XE;
				INFOPLIST_FILE = GameEngineTests/Info.plist;
				LD_RUNPATH_SEARCH_PATHS = (
					"$(inherited)",
					"@executable_path/../Frameworks",
					"@loader_path/../Frameworks",
				);
				MACOSX_DEPLOYMENT_TARGET = 10.15;
				PRODUCT_BUNDLE_IDENTIFIER = AmpersandLabs.GameEngineTests;
				PRODUCT_NAME = "$(TARGET_NAME)";
				SWIFT_VERSION = 5.0;
				TEST_HOST = "$(BUILT_PRODUCTS_DIR)/GameEngine.app/Contents/MacOS/GameEngine";
			};
			name = Debug;
		};
		2887F75F24B960F20040AC88 /* Release */ = {
			isa = XCBuildConfiguration;
			buildSettings = {
				ALWAYS_EMBED_SWIFT_STANDARD_LIBRARIES = YES;
				BUNDLE_LOADER = "$(TEST_HOST)";
				CODE_SIGN_STYLE = Automatic;
				COMBINE_HIDPI_IMAGES = YES;
				DEVELOPMENT_TEAM = TZ5YSJH8XE;
				INFOPLIST_FILE = GameEngineTests/Info.plist;
				LD_RUNPATH_SEARCH_PATHS = (
					"$(inherited)",
					"@executable_path/../Frameworks",
					"@loader_path/../Frameworks",
				);
				MACOSX_DEPLOYMENT_TARGET = 10.15;
				PRODUCT_BUNDLE_IDENTIFIER = AmpersandLabs.GameEngineTests;
				PRODUCT_NAME = "$(TARGET_NAME)";
				SWIFT_VERSION = 5.0;
				TEST_HOST = "$(BUILT_PRODUCTS_DIR)/GameEngine.app/Contents/MacOS/GameEngine";
			};
			name = Release;
		};
		2887F76124B960F20040AC88 /* Debug */ = {
			isa = XCBuildConfiguration;
			buildSettings = {
				ALWAYS_EMBED_SWIFT_STANDARD_LIBRARIES = YES;
				CODE_SIGN_STYLE = Automatic;
				COMBINE_HIDPI_IMAGES = YES;
				DEVELOPMENT_TEAM = TZ5YSJH8XE;
				INFOPLIST_FILE = GameEngineUITests/Info.plist;
				LD_RUNPATH_SEARCH_PATHS = (
					"$(inherited)",
					"@executable_path/../Frameworks",
					"@loader_path/../Frameworks",
				);
				PRODUCT_BUNDLE_IDENTIFIER = AmpersandLabs.GameEngineUITests;
				PRODUCT_NAME = "$(TARGET_NAME)";
				SWIFT_VERSION = 5.0;
				TEST_TARGET_NAME = GameEngine;
			};
			name = Debug;
		};
		2887F76224B960F20040AC88 /* Release */ = {
			isa = XCBuildConfiguration;
			buildSettings = {
				ALWAYS_EMBED_SWIFT_STANDARD_LIBRARIES = YES;
				CODE_SIGN_STYLE = Automatic;
				COMBINE_HIDPI_IMAGES = YES;
				DEVELOPMENT_TEAM = TZ5YSJH8XE;
				INFOPLIST_FILE = GameEngineUITests/Info.plist;
				LD_RUNPATH_SEARCH_PATHS = (
					"$(inherited)",
					"@executable_path/../Frameworks",
					"@loader_path/../Frameworks",
				);
				PRODUCT_BUNDLE_IDENTIFIER = AmpersandLabs.GameEngineUITests;
				PRODUCT_NAME = "$(TARGET_NAME)";
				SWIFT_VERSION = 5.0;
				TEST_TARGET_NAME = GameEngine;
			};
			name = Release;
		};
/* End XCBuildConfiguration section */

/* Begin XCConfigurationList section */
		2887F72C24B960F00040AC88 /* Build configuration list for PBXProject "GameEngine" */ = {
			isa = XCConfigurationList;
			buildConfigurations = (
				2887F75824B960F20040AC88 /* Debug */,
				2887F75924B960F20040AC88 /* Release */,
			);
			defaultConfigurationIsVisible = 0;
			defaultConfigurationName = Release;
		};
		2887F75A24B960F20040AC88 /* Build configuration list for PBXNativeTarget "GameEngine" */ = {
			isa = XCConfigurationList;
			buildConfigurations = (
				2887F75B24B960F20040AC88 /* Debug */,
				2887F75C24B960F20040AC88 /* Release */,
			);
			defaultConfigurationIsVisible = 0;
			defaultConfigurationName = Release;
		};
		2887F75D24B960F20040AC88 /* Build configuration list for PBXNativeTarget "GameEngineTests" */ = {
			isa = XCConfigurationList;
			buildConfigurations = (
				2887F75E24B960F20040AC88 /* Debug */,
				2887F75F24B960F20040AC88 /* Release */,
			);
			defaultConfigurationIsVisible = 0;
			defaultConfigurationName = Release;
		};
		2887F76024B960F20040AC88 /* Build configuration list for PBXNativeTarget "GameEngineUITests" */ = {
			isa = XCConfigurationList;
			buildConfigurations = (
				2887F76124B960F20040AC88 /* Debug */,
				2887F76224B960F20040AC88 /* Release */,
			);
			defaultConfigurationIsVisible = 0;
			defaultConfigurationName = Release;
		};
/* End XCConfigurationList section */

/* Begin XCVersionGroup section */
		2887F73824B960F00040AC88 /* GameEngine.xcdatamodeld */ = {
			isa = XCVersionGroup;
			children = (
				2887F73924B960F00040AC88 /* GameEngine.xcdatamodel */,
			);
			currentVersion = 2887F73924B960F00040AC88 /* GameEngine.xcdatamodel */;
			path = GameEngine.xcdatamodeld;
			sourceTree = "<group>";
			versionGroupType = wrapper.xcdatamodel;
		};
/* End XCVersionGroup section */
	};
	rootObject = 2887F72924B960F00040AC88 /* Project object */;
}
